
Microsoft Visual Studio Solution File, Format Version 12.00
# Visual Studio Version 17
VisualStudioVersion = 17.4.33103.184
MinimumVisualStudioVersion = 10.0.40219.1
Project("{FAE04EC0-301F-11D3-BF4B-00C04F79EFBC}") = "Zamowienie", "Zamowienie\Zamowienie.csproj", "{95698981-0B16-4D70-86C8-225FEC6EB2DD}"
EndProject
Global
	GlobalSection(SolutionConfigurationPlatforms) = preSolution
		Debug|Any CPU = Debug|Any CPU
		Release|Any CPU = Release|Any CPU
	EndGlobalSection
	GlobalSection(ProjectConfigurationPlatforms) = postSolution
		{95698981-0B16-4D70-86C8-225FEC6EB2DD}.Debug|Any CPU.ActiveCfg = Debug|Any CPU
		{95698981-0B16-4D70-86C8-225FEC6EB2DD}.Debug|Any CPU.Build.0 = Debug|Any CPU
		{95698981-0B16-4D70-86C8-225FEC6EB2DD}.Release|Any CPU.ActiveCfg = Release|Any CPU
		{95698981-0B16-4D70-86C8-225FEC6EB2DD}.Release|Any CPU.Build.0 = Release|Any CPU
	EndGlobalSection
	GlobalSection(SolutionProperties) = preSolution
		HideSolutionNode = FALSE
	EndGlobalSection
	GlobalSection(ExtensibilityGlobals) = postSolution
		SolutionGuid = {ECCD7DCB-1D5B-4449-AF19-8446817FBA95}
	EndGlobalSection
EndGlobal
