
Microsoft Visual Studio Solution File, Format Version 12.00
# Visual Studio Version 17
VisualStudioVersion = 17.4.33103.184
MinimumVisualStudioVersion = 10.0.40219.1
Project("{FAE04EC0-301F-11D3-BF4B-00C04F79EFBC}") = "Gra w kosci", "Gra w kosci\Gra w kosci.csproj", "{016A386D-0CB8-441E-871E-C9B58337BCFF}"
EndProject
Global
	GlobalSection(SolutionConfigurationPlatforms) = preSolution
		Debug|Any CPU = Debug|Any CPU
		Release|Any CPU = Release|Any CPU
	EndGlobalSection
	GlobalSection(ProjectConfigurationPlatforms) = postSolution
		{016A386D-0CB8-441E-871E-C9B58337BCFF}.Debug|Any CPU.ActiveCfg = Debug|Any CPU
		{016A386D-0CB8-441E-871E-C9B58337BCFF}.Debug|Any CPU.Build.0 = Debug|Any CPU
		{016A386D-0CB8-441E-871E-C9B58337BCFF}.Release|Any CPU.ActiveCfg = Release|Any CPU
		{016A386D-0CB8-441E-871E-C9B58337BCFF}.Release|Any CPU.Build.0 = Release|Any CPU
	EndGlobalSection
	GlobalSection(SolutionProperties) = preSolution
		HideSolutionNode = FALSE
	EndGlobalSection
	GlobalSection(ExtensibilityGlobals) = postSolution
		SolutionGuid = {0F8A32CE-FCB4-4103-A5C2-80317E1CB85E}
	EndGlobalSection
EndGlobal
