
Microsoft Visual Studio Solution File, Format Version 12.00
# Visual Studio Version 17
VisualStudioVersion = 17.4.33103.184
MinimumVisualStudioVersion = 10.0.40219.1
Project("{FAE04EC0-301F-11D3-BF4B-00C04F79EFBC}") = "form", "form\form.csproj", "{0E3D6E29-D8F6-4A6A-BB2D-274C2F11C928}"
EndProject
Global
	GlobalSection(SolutionConfigurationPlatforms) = preSolution
		Debug|Any CPU = Debug|Any CPU
		Release|Any CPU = Release|Any CPU
	EndGlobalSection
	GlobalSection(ProjectConfigurationPlatforms) = postSolution
		{0E3D6E29-D8F6-4A6A-BB2D-274C2F11C928}.Debug|Any CPU.ActiveCfg = Debug|Any CPU
		{0E3D6E29-D8F6-4A6A-BB2D-274C2F11C928}.Debug|Any CPU.Build.0 = Debug|Any CPU
		{0E3D6E29-D8F6-4A6A-BB2D-274C2F11C928}.Release|Any CPU.ActiveCfg = Release|Any CPU
		{0E3D6E29-D8F6-4A6A-BB2D-274C2F11C928}.Release|Any CPU.Build.0 = Release|Any CPU
	EndGlobalSection
	GlobalSection(SolutionProperties) = preSolution
		HideSolutionNode = FALSE
	EndGlobalSection
	GlobalSection(ExtensibilityGlobals) = postSolution
		SolutionGuid = {2156AA51-FD30-4358-AA08-7ACECD2BA32B}
	EndGlobalSection
EndGlobal
