
Microsoft Visual Studio Solution File, Format Version 12.00
# Visual Studio Version 17
VisualStudioVersion = 17.4.33103.184
MinimumVisualStudioVersion = 10.0.40219.1
Project("{FAE04EC0-301F-11D3-BF4B-00C04F79EFBC}") = "TodoListApp", "TodoListApp\TodoListApp.csproj", "{4BF5EAFC-8777-4333-A620-22F7B85F8EA9}"
EndProject
Global
	GlobalSection(SolutionConfigurationPlatforms) = preSolution
		Debug|Any CPU = Debug|Any CPU
		Release|Any CPU = Release|Any CPU
	EndGlobalSection
	GlobalSection(ProjectConfigurationPlatforms) = postSolution
		{4BF5EAFC-8777-4333-A620-22F7B85F8EA9}.Debug|Any CPU.ActiveCfg = Debug|Any CPU
		{4BF5EAFC-8777-4333-A620-22F7B85F8EA9}.Debug|Any CPU.Build.0 = Debug|Any CPU
		{4BF5EAFC-8777-4333-A620-22F7B85F8EA9}.Release|Any CPU.ActiveCfg = Release|Any CPU
		{4BF5EAFC-8777-4333-A620-22F7B85F8EA9}.Release|Any CPU.Build.0 = Release|Any CPU
	EndGlobalSection
	GlobalSection(SolutionProperties) = preSolution
		HideSolutionNode = FALSE
	EndGlobalSection
	GlobalSection(ExtensibilityGlobals) = postSolution
		SolutionGuid = {CBC7CE6D-C483-4749-85CF-A9AD283D345A}
	EndGlobalSection
EndGlobal
