
Microsoft Visual Studio Solution File, Format Version 12.00
# Visual Studio Version 17
VisualStudioVersion = 17.4.33103.184
MinimumVisualStudioVersion = 10.0.40219.1
Project("{FAE04EC0-301F-11D3-BF4B-00C04F79EFBC}") = "przekazywanie imienia", "przekazywanie imienia\przekazywanie imienia.csproj", "{2C4DF7B5-DA5E-439C-8243-B09FA4E674AA}"
EndProject
Global
	GlobalSection(SolutionConfigurationPlatforms) = preSolution
		Debug|Any CPU = Debug|Any CPU
		Release|Any CPU = Release|Any CPU
	EndGlobalSection
	GlobalSection(ProjectConfigurationPlatforms) = postSolution
		{2C4DF7B5-DA5E-439C-8243-B09FA4E674AA}.Debug|Any CPU.ActiveCfg = Debug|Any CPU
		{2C4DF7B5-DA5E-439C-8243-B09FA4E674AA}.Debug|Any CPU.Build.0 = Debug|Any CPU
		{2C4DF7B5-DA5E-439C-8243-B09FA4E674AA}.Release|Any CPU.ActiveCfg = Release|Any CPU
		{2C4DF7B5-DA5E-439C-8243-B09FA4E674AA}.Release|Any CPU.Build.0 = Release|Any CPU
	EndGlobalSection
	GlobalSection(SolutionProperties) = preSolution
		HideSolutionNode = FALSE
	EndGlobalSection
	GlobalSection(ExtensibilityGlobals) = postSolution
		SolutionGuid = {452C882C-1C54-4473-BD4C-52F21EFC3A92}
	EndGlobalSection
EndGlobal
