
Microsoft Visual Studio Solution File, Format Version 12.00
# Visual Studio Version 17
VisualStudioVersion = 17.4.33103.184
MinimumVisualStudioVersion = 10.0.40219.1
Project("{FAE04EC0-301F-11D3-BF4B-00C04F79EFBC}") = "prymitywna baza danych", "prymitywna baza danych\prymitywna baza danych.csproj", "{D6D93AC5-58EA-4889-8706-33AF03F7802C}"
EndProject
Global
	GlobalSection(SolutionConfigurationPlatforms) = preSolution
		Debug|Any CPU = Debug|Any CPU
		Release|Any CPU = Release|Any CPU
	EndGlobalSection
	GlobalSection(ProjectConfigurationPlatforms) = postSolution
		{D6D93AC5-58EA-4889-8706-33AF03F7802C}.Debug|Any CPU.ActiveCfg = Debug|Any CPU
		{D6D93AC5-58EA-4889-8706-33AF03F7802C}.Debug|Any CPU.Build.0 = Debug|Any CPU
		{D6D93AC5-58EA-4889-8706-33AF03F7802C}.Release|Any CPU.ActiveCfg = Release|Any CPU
		{D6D93AC5-58EA-4889-8706-33AF03F7802C}.Release|Any CPU.Build.0 = Release|Any CPU
	EndGlobalSection
	GlobalSection(SolutionProperties) = preSolution
		HideSolutionNode = FALSE
	EndGlobalSection
	GlobalSection(ExtensibilityGlobals) = postSolution
		SolutionGuid = {B5F87F6A-1499-4F90-B3BE-22EDF635ECD8}
	EndGlobalSection
EndGlobal
